
Microsoft Visual Studio Solution File, Format Version 12.00
# Visual Studio Version 17
VisualStudioVersion = 17.13.35825.156
MinimumVisualStudioVersion = 10.0.40219.1
Project("{FAE04EC0-301F-11D3-BF4B-00C04F79EFBC}") = "YurtCordClient", "client\YurtCordClient.csproj", "{183B8B02-BD10-47C0-9C61-BC06F2E5821F}"
EndProject
Global
	GlobalSection(SolutionConfigurationPlatforms) = preSolution
		Debug|Any CPU = Debug|Any CPU
		Release|Any CPU = Release|Any CPU
	EndGlobalSection
	GlobalSection(ProjectConfigurationPlatforms) = postSolution
		{183B8B02-BD10-47C0-9C61-BC06F2E5821F}.Debug|Any CPU.ActiveCfg = Debug|Any CPU
		{183B8B02-BD10-47C0-9C61-BC06F2E5821F}.Debug|Any CPU.Build.0 = Debug|Any CPU
		{183B8B02-BD10-47C0-9C61-BC06F2E5821F}.Release|Any CPU.ActiveCfg = Release|Any CPU
		{183B8B02-BD10-47C0-9C61-BC06F2E5821F}.Release|Any CPU.Build.0 = Release|Any CPU
	EndGlobalSection
	GlobalSection(SolutionProperties) = preSolution
		HideSolutionNode = FALSE
	EndGlobalSection
	GlobalSection(ExtensibilityGlobals) = postSolution
		SolutionGuid = {1568F3EC-724E-461A-A1A7-7950C876C60C}
	EndGlobalSection
EndGlobal
